// !$*UTF8*$!
{
	archiveVersion = 1;
	classes = {
	};
	objectVersion = 50;
	objects = {

/* Begin PBXBuildFile section */
		F35C2F332462D3C000B996AC /* AppDelegate.swift in Sources */ = {isa = PBXBuildFile; fileRef = F35C2F322462D3C000B996AC /* AppDelegate.swift */; };
		F35C2F352462D3C000B996AC /* SceneDelegate.swift in Sources */ = {isa = PBXBuildFile; fileRef = F35C2F342462D3C000B996AC /* SceneDelegate.swift */; };
		F35C2F372462D3C000B996AC /* ViewController.swift in Sources */ = {isa = PBXBuildFile; fileRef = F35C2F362462D3C000B996AC /* ViewController.swift */; };
		F35C2F3A2462D3C000B996AC /* Main.storyboard in Resources */ = {isa = PBXBuildFile; fileRef = F35C2F382462D3C000B996AC /* Main.storyboard */; };
		F35C2F3C2462D3C100B996AC /* Assets.xcassets in Resources */ = {isa = PBXBuildFile; fileRef = F35C2F3B2462D3C100B996AC /* Assets.xcassets */; };
		F35C2F3F2462D3C100B996AC /* LaunchScreen.storyboard in Resources */ = {isa = PBXBuildFile; fileRef = F35C2F3D2462D3C100B996AC /* LaunchScreen.storyboard */; };
		F3A6539E24669CC000E4444E /* ViewController2.swift in Sources */ = {isa = PBXBuildFile; fileRef = F3A6539D24669CC000E4444E /* ViewController2.swift */; };
/* End PBXBuildFile section */

/* Begin PBXFileReference section */
		F35C2F2F2462D3C000B996AC /* RxSwift-Study.app */ = {isa = PBXFileReference; explicitFileType = wrapper.application; includeInIndex = 0; path = "RxSwift-Study.app"; sourceTree = BUILT_PRODUCTS_DIR; };
		F35C2F322462D3C000B996AC /* AppDelegate.swift */ = {isa = PBXFileReference; lastKnownFileType = sourcecode.swift; path = AppDelegate.swift; sourceTree = "<group>"; };
		F35C2F342462D3C000B996AC /* SceneDelegate.swift */ = {isa = PBXFileReference; lastKnownFileType = sourcecode.swift; path = SceneDelegate.swift; sourceTree = "<group>"; };
		F35C2F362462D3C000B996AC /* ViewController.swift */ = {isa = PBXFileReference; lastKnownFileType = sourcecode.swift; path = ViewController.swift; sourceTree = "<group>"; };
		F35C2F392462D3C000B996AC /* Base */ = {isa = PBXFileReference; lastKnownFileType = file.storyboard; name = Base; path = Base.lproj/Main.storyboard; sourceTree = "<group>"; };
		F35C2F3B2462D3C100B996AC /* Assets.xcassets */ = {isa = PBXFileReference; lastKnownFileType = folder.assetcatalog; path = Assets.xcassets; sourceTree = "<group>"; };
		F35C2F3E2462D3C100B996AC /* Base */ = {isa = PBXFileReference; lastKnownFileType = file.storyboard; name = Base; path = Base.lproj/LaunchScreen.storyboard; sourceTree = "<group>"; };
		F35C2F402462D3C100B996AC /* Info.plist */ = {isa = PBXFileReference; lastKnownFileType = text.plist.xml; path = Info.plist; sourceTree = "<group>"; };
		F3A6539D24669CC000E4444E /* ViewController2.swift */ = {isa = PBXFileReference; lastKnownFileType = sourcecode.swift; path = ViewController2.swift; sourceTree = "<group>"; };
/* End PBXFileReference section */

/* Begin PBXFrameworksBuildPhase section */
		F35C2F2C2462D3C000B996AC /* Frameworks */ = {
			isa = PBXFrameworksBuildPhase;
			buildActionMask = 2147483647;
			files = (
			);
			runOnlyForDeploymentPostprocessing = 0;
		};
/* End PBXFrameworksBuildPhase section */

/* Begin PBXGroup section */
		F35C2F262462D3C000B996AC = {
			isa = PBXGroup;
			children = (
				F35C2F312462D3C000B996AC /* RxSwift-Study */,
				F35C2F302462D3C000B996AC /* Products */,
			);
			sourceTree = "<group>";
		};
		F35C2F302462D3C000B996AC /* Products */ = {
			isa = PBXGroup;
			children = (
				F35C2F2F2462D3C000B996AC /* RxSwift-Study.app */,
			);
			name = Products;
			sourceTree = "<group>";
		};
		F35C2F312462D3C000B996AC /* RxSwift-Study */ = {
			isa = PBXGroup;
			children = (
				F35C2F322462D3C000B996AC /* AppDelegate.swift */,
				F35C2F342462D3C000B996AC /* SceneDelegate.swift */,
				F35C2F362462D3C000B996AC /* ViewController.swift */,
				F3A6539D24669CC000E4444E /* ViewController2.swift */,
				F35C2F382462D3C000B996AC /* Main.storyboard */,
				F35C2F3B2462D3C100B996AC /* Assets.xcassets */,
				F35C2F3D2462D3C100B996AC /* LaunchScreen.storyboard */,
				F35C2F402462D3C100B996AC /* Info.plist */,
			);
			path = "RxSwift-Study";
			sourceTree = "<group>";
		};
/* End PBXGroup section */

/* Begin PBXNativeTarget section */
		F35C2F2E2462D3C000B996AC /* RxSwift-Study */ = {
			isa = PBXNativeTarget;
			buildConfigurationList = F35C2F432462D3C100B996AC /* Build configuration list for PBXNativeTarget "RxSwift-Study" */;
			buildPhases = (
				F35C2F2B2462D3C000B996AC /* Sources */,
				F35C2F2C2462D3C000B996AC /* Frameworks */,
				F35C2F2D2462D3C000B996AC /* Resources */,
			);
			buildRules = (
			);
			dependencies = (
			);
			name = "RxSwift-Study";
			productName = "RxSwift-Study";
			productReference = F35C2F2F2462D3C000B996AC /* RxSwift-Study.app */;
			productType = "com.apple.product-type.application";
		};
/* End PBXNativeTarget section */

/* Begin PBXProject section */
		F35C2F272462D3C000B996AC /* Project object */ = {
			isa = PBXProject;
			attributes = {
				LastSwiftUpdateCheck = 1140;
				LastUpgradeCheck = 1140;
				ORGANIZATIONNAME = statios;
				TargetAttributes = {
					F35C2F2E2462D3C000B996AC = {
						CreatedOnToolsVersion = 11.4.1;
					};
				};
			};
			buildConfigurationList = F35C2F2A2462D3C000B996AC /* Build configuration list for PBXProject "RxSwift-Study" */;
			compatibilityVersion = "Xcode 9.3";
			developmentRegion = en;
			hasScannedForEncodings = 0;
			knownRegions = (
				en,
				Base,
			);
			mainGroup = F35C2F262462D3C000B996AC;
			productRefGroup = F35C2F302462D3C000B996AC /* Products */;
			projectDirPath = "";
			projectRoot = "";
			targets = (
				F35C2F2E2462D3C000B996AC /* RxSwift-Study */,
			);
		};
/* End PBXProject section */

/* Begin PBXResourcesBuildPhase section */
		F35C2F2D2462D3C000B996AC /* Resources */ = {
			isa = PBXResourcesBuildPhase;
			buildActionMask = 2147483647;
			files = (
				F35C2F3F2462D3C100B996AC /* LaunchScreen.storyboard in Resources */,
				F35C2F3C2462D3C100B996AC /* Assets.xcassets in Resources */,
				F35C2F3A2462D3C000B996AC /* Main.storyboard in Resources */,
			);
			runOnlyForDeploymentPostprocessing = 0;
		};
/* End PBXResourcesBuildPhase section */

/* Begin PBXSourcesBuildPhase section */
		F35C2F2B2462D3C000B996AC /* Sources */ = {
			isa = PBXSourcesBuildPhase;
			buildActionMask = 2147483647;
			files = (
				F35C2F372462D3C000B996AC /* ViewController.swift in Sources */,
				F3A6539E24669CC000E4444E /* ViewController2.swift in Sources */,
				F35C2F332462D3C000B996AC /* AppDelegate.swift in Sources */,
				F35C2F352462D3C000B996AC /* SceneDelegate.swift in Sources */,
			);
			runOnlyForDeploymentPostprocessing = 0;
		};
/* End PBXSourcesBuildPhase section */

/* Begin PBXVariantGroup section */
		F35C2F382462D3C000B996AC /* Main.storyboard */ = {
			isa = PBXVariantGroup;
			children = (
				F35C2F392462D3C000B996AC /* Base */,
			);
			name = Main.storyboard;
			sourceTree = "<group>";
		};
		F35C2F3D2462D3C100B996AC /* LaunchScreen.storyboard */ = {
			isa = PBXVariantGroup;
			children = (
				F35C2F3E2462D3C100B996AC /* Base */,
			);
			name = LaunchScreen.storyboard;
			sourceTree = "<group>";
		};
/* End PBXVariantGroup section */

/* Begin XCBuildConfiguration section */
		F35C2F412462D3C100B996AC /* Debug */ = {
			isa = XCBuildConfiguration;
			buildSettings = {
				ALWAYS_SEARCH_USER_PATHS = NO;
				CLANG_ANALYZER_NONNULL = YES;
				CLANG_ANALYZER_NUMBER_OBJECT_CONVERSION = YES_AGGRESSIVE;
				CLANG_CXX_LANGUAGE_STANDARD = "gnu++14";
				CLANG_CXX_LIBRARY = "libc++";
				CLANG_ENABLE_MODULES = YES;
				CLANG_ENABLE_OBJC_ARC = YES;
				CLANG_ENABLE_OBJC_WEAK = YES;
				CLANG_WARN_BLOCK_CAPTURE_AUTORELEASING = YES;
				CLANG_WARN_BOOL_CONVERSION = YES;
				CLANG_WARN_COMMA = YES;
				CLANG_WARN_CONSTANT_CONVERSION = YES;
				CLANG_WARN_DEPRECATED_OBJC_IMPLEMENTATIONS = YES;
				CLANG_WARN_DIRECT_OBJC_ISA_USAGE = YES_ERROR;
				CLANG_WARN_DOCUMENTATION_COMMENTS = YES;
				CLANG_WARN_EMPTY_BODY = YES;
				CLANG_WARN_ENUM_CONVERSION = YES;
				CLANG_WARN_INFINITE_RECURSION = YES;
				CLANG_WARN_INT_CONVERSION = YES;
				CLANG_WARN_NON_LITERAL_NULL_CONVERSION = YES;
				CLANG_WARN_OBJC_IMPLICIT_RETAIN_SELF = YES;
				CLANG_WARN_OBJC_LITERAL_CONVERSION = YES;
				CLANG_WARN_OBJC_ROOT_CLASS = YES_ERROR;
				CLANG_WARN_RANGE_LOOP_ANALYSIS = YES;
				CLANG_WARN_STRICT_PROTOTYPES = YES;
				CLANG_WARN_SUSPICIOUS_MOVE = YES;
				CLANG_WARN_UNGUARDED_AVAILABILITY = YES_AGGRESSIVE;
				CLANG_WARN_UNREACHABLE_CODE = YES;
				CLANG_WARN__DUPLICATE_METHOD_MATCH = YES;
				COPY_PHASE_STRIP = NO;
				DEBUG_INFORMATION_FORMAT = dwarf;
				ENABLE_STRICT_OBJC_MSGSEND = YES;
				ENABLE_TESTABILITY = YES;
				GCC_C_LANGUAGE_STANDARD = gnu11;
				GCC_DYNAMIC_NO_PIC = NO;
				GCC_NO_COMMON_BLOCKS = YES;
				GCC_OPTIMIZATION_LEVEL = 0;
				GCC_PREPROCESSOR_DEFINITIONS = (
					"DEBUG=1",
					"$(inherited)",
				);
				GCC_WARN_64_TO_32_BIT_CONVERSION = YES;
				GCC_WARN_ABOUT_RETURN_TYPE = YES_ERROR;
				GCC_WARN_UNDECLARED_SELECTOR = YES;
				GCC_WARN_UNINITIALIZED_AUTOS = YES_AGGRESSIVE;
				GCC_WARN_UNUSED_FUNCTION = YES;
				GCC_WARN_UNUSED_VARIABLE = YES;
				IPHONEOS_DEPLOYMENT_TARGET = 13.4;
				MTL_ENABLE_DEBUG_INFO = INCLUDE_SOURCE;
				MTL_FAST_MATH = YES;
				ONLY_ACTIVE_ARCH = YES;
				SDKROOT = iphoneos;
				SWIFT_ACTIVE_COMPILATION_CONDITIONS = DEBUG;
				SWIFT_OPTIMIZATION_LEVEL = "-Onone";
			};
			name = Debug;
		};
		F35C2F422462D3C100B996AC /* Release */ = {
			isa = XCBuildConfiguration;
			buildSettings = {
				ALWAYS_SEARCH_USER_PATHS = NO;
				CLANG_ANALYZER_NONNULL = YES;
				CLANG_ANALYZER_NUMBER_OBJECT_CONVERSION = YES_AGGRESSIVE;
				CLANG_CXX_LANGUAGE_STANDARD = "gnu++14";
				CLANG_CXX_LIBRARY = "libc++";
				CLANG_ENABLE_MODULES = YES;
				CLANG_ENABLE_OBJC_ARC = YES;
				CLANG_ENABLE_OBJC_WEAK = YES;
				CLANG_WARN_BLOCK_CAPTURE_AUTORELEASING = YES;
				CLANG_WARN_BOOL_CONVERSION = YES;
				CLANG_WARN_COMMA = YES;
				CLANG_WARN_CONSTANT_CONVERSION = YES;
				CLANG_WARN_DEPRECATED_OBJC_IMPLEMENTATIONS = YES;
				CLANG_WARN_DIRECT_OBJC_ISA_USAGE = YES_ERROR;
				CLANG_WARN_DOCUMENTATION_COMMENTS = YES;
				CLANG_WARN_EMPTY_BODY = YES;
				CLANG_WARN_ENUM_CONVERSION = YES;
				CLANG_WARN_INFINITE_RECURSION = YES;
				CLANG_WARN_INT_CONVERSION = YES;
				CLANG_WARN_NON_LITERAL_NULL_CONVERSION = YES;
				CLANG_WARN_OBJC_IMPLICIT_RETAIN_SELF = YES;
				CLANG_WARN_OBJC_LITERAL_CONVERSION = YES;
				CLANG_WARN_OBJC_ROOT_CLASS = YES_ERROR;
				CLANG_WARN_RANGE_LOOP_ANALYSIS = YES;
				CLANG_WARN_STRICT_PROTOTYPES = YES;
				CLANG_WARN_SUSPICIOUS_MOVE = YES;
				CLANG_WARN_UNGUARDED_AVAILABILITY = YES_AGGRESSIVE;
				CLANG_WARN_UNREACHABLE_CODE = YES;
				CLANG_WARN__DUPLICATE_METHOD_MATCH = YES;
				COPY_PHASE_STRIP = NO;
				DEBUG_INFORMATION_FORMAT = "dwarf-with-dsym";
				ENABLE_NS_ASSERTIONS = NO;
				ENABLE_STRICT_OBJC_MSGSEND = YES;
				GCC_C_LANGUAGE_STANDARD = gnu11;
				GCC_NO_COMMON_BLOCKS = YES;
				GCC_WARN_64_TO_32_BIT_CONVERSION = YES;
				GCC_WARN_ABOUT_RETURN_TYPE = YES_ERROR;
				GCC_WARN_UNDECLARED_SELECTOR = YES;
				GCC_WARN_UNINITIALIZED_AUTOS = YES_AGGRESSIVE;
				GCC_WARN_UNUSED_FUNCTION = YES;
				GCC_WARN_UNUSED_VARIABLE = YES;
				IPHONEOS_DEPLOYMENT_TARGET = 13.4;
				MTL_ENABLE_DEBUG_INFO = NO;
				MTL_FAST_MATH = YES;
				SDKROOT = iphoneos;
				SWIFT_COMPILATION_MODE = wholemodule;
				SWIFT_OPTIMIZATION_LEVEL = "-O";
				VALIDATE_PRODUCT = YES;
			};
			name = Release;
		};
		F35C2F442462D3C100B996AC /* Debug */ = {
			isa = XCBuildConfiguration;
			buildSettings = {
				ASSETCATALOG_COMPILER_APPICON_NAME = AppIcon;
				CODE_SIGN_STYLE = Automatic;
				DEVELOPMENT_TEAM = 4YL8LS5ZJC;
				INFOPLIST_FILE = "RxSwift-Study/Info.plist";
				LD_RUNPATH_SEARCH_PATHS = (
					"$(inherited)",
					"@executable_path/Frameworks",
				);
				PRODUCT_BUNDLE_IDENTIFIER = "statios.RxSwift-Study";
				PRODUCT_NAME = "$(TARGET_NAME)";
				SWIFT_VERSION = 5.0;
				TARGETED_DEVICE_FAMILY = "1,2";
			};
			name = Debug;
		};
		F35C2F452462D3C100B996AC /* Release */ = {
			isa = XCBuildConfiguration;
			buildSettings = {
				ASSETCATALOG_COMPILER_APPICON_NAME = AppIcon;
				CODE_SIGN_STYLE = Automatic;
				DEVELOPMENT_TEAM = 4YL8LS5ZJC;
				INFOPLIST_FILE = "RxSwift-Study/Info.plist";
				LD_RUNPATH_SEARCH_PATHS = (
					"$(inherited)",
					"@executable_path/Frameworks",
				);
				PRODUCT_BUNDLE_IDENTIFIER = "statios.RxSwift-Study";
				PRODUCT_NAME = "$(TARGET_NAME)";
				SWIFT_VERSION = 5.0;
				TARGETED_DEVICE_FAMILY = "1,2";
			};
			name = Release;
		};
/* End XCBuildConfiguration section */

/* Begin XCConfigurationList section */
		F35C2F2A2462D3C000B996AC /* Build configuration list for PBXProject "RxSwift-Study" */ = {
			isa = XCConfigurationList;
			buildConfigurations = (
				F35C2F412462D3C100B996AC /* Debug */,
				F35C2F422462D3C100B996AC /* Release */,
			);
			defaultConfigurationIsVisible = 0;
			defaultConfigurationName = Release;
		};
		F35C2F432462D3C100B996AC /* Build configuration list for PBXNativeTarget "RxSwift-Study" */ = {
			isa = XCConfigurationList;
			buildConfigurations = (
				F35C2F442462D3C100B996AC /* Debug */,
				F35C2F452462D3C100B996AC /* Release */,
			);
			defaultConfigurationIsVisible = 0;
			defaultConfigurationName = Release;
		};
/* End XCConfigurationList section */
	};
	rootObject = F35C2F272462D3C000B996AC /* Project object */;
}
